github.com/ory/client-go v1.20.6 h1:1oUH4y1N8YCgR292FGw+atimSUgafMMIV8sZb36dH5U=
github.com/ory/client-go v1.20.6/go.mod h1:10sCeMADXhQ9GbGhgfSFfj9Pzpnue/ZAVJFSwy/L1FU=
golang.org/x/oauth2 v0.29.0 h1:WdYw2tdTK1S8olAzWHdgeqfy+Mtm9XNhv/xJsY65d98=
golang.org/x/oauth2 v0.29.0/go.mod h1:onh5ek6nERTohokkhCD/y2cV4Do3fxFHFuAejCkRWT8=
